
Microsoft Visual Studio Solution File, Format Version 12.00
# Visual Studio Version 17
VisualStudioVersion = 17.11.35312.102
MinimumVisualStudioVersion = 10.0.40219.1
Project("{9A19103F-16F7-4668-BE54-9A1E7A4F7556}") = "BananaGame", "BananaGame.csproj", "{2D12991F-81D8-42F2-8C2F-9F69B9050154}"
EndProject
Global
	GlobalSection(SolutionConfigurationPlatforms) = preSolution
		Debug|Any CPU = Debug|Any CPU
		Release|Any CPU = Release|Any CPU
	EndGlobalSection
	GlobalSection(ProjectConfigurationPlatforms) = postSolution
		{2D12991F-81D8-42F2-8C2F-9F69B9050154}.Debug|Any CPU.ActiveCfg = Debug|Any CPU
		{2D12991F-81D8-42F2-8C2F-9F69B9050154}.Debug|Any CPU.Build.0 = Debug|Any CPU
		{2D12991F-81D8-42F2-8C2F-9F69B9050154}.Release|Any CPU.ActiveCfg = Release|Any CPU
		{2D12991F-81D8-42F2-8C2F-9F69B9050154}.Release|Any CPU.Build.0 = Release|Any CPU
	EndGlobalSection
	GlobalSection(SolutionProperties) = preSolution
		HideSolutionNode = FALSE
	EndGlobalSection
	GlobalSection(ExtensibilityGlobals) = postSolution
		SolutionGuid = {575E6A60-7C05-411F-B62F-AA31036822FC}
	EndGlobalSection
EndGlobal
